<?xml version="1.0" encoding="utf-8"?>
<Project ToolsVersion="4.0" xmlns="http://schemas.microsoft.com/developer/msbuild/2003">
  <ItemGroup>
    <Filter Include="Source Files">
      <UniqueIdentifier>{4FC737F1-C7A5-4376-A066-2A32D752A2FF}</UniqueIdentifier>
      <Extensions>cpp;c;cc;cxx;def;odl;idl;hpj;bat;asm;asmx</Extensions>
    </Filter>
    <Filter Include="Resource Files">
      <UniqueIdentifier>{67DA6AB6-F800-4c08-8B7A-83BB121AAD01}</UniqueIdentifier>
      <Extensions>rc;ico;cur;bmp;dlg;rc2;rct;bin;rgs;gif;jpg;jpeg;jpe;resx;tiff;tif;png;wav;mfcribbon-ms</Extensions>
    </Filter>
    <Filter Include="Source Files\features">
      <UniqueIdentifier>{31514b99-00e0-4eb2-85c4-9db266e1a985}</UniqueIdentifier>
    </Filter>
    <Filter Include="Source Files\extern">
      <UniqueIdentifier>{7b092591-7278-4a50-8d96-0e553be6f987}</UniqueIdentifier>
    </Filter>
    <Filter Include="Source Files\extern\tinyxml2">
      <UniqueIdentifier>{7fe63298-db5d-475a-bd70-4dc96a79b7b4}</UniqueIdentifier>
    </Filter>
    <Filter Include="Source Files\extern\rapidJson">
      <UniqueIdentifier>{baa60c7e-c469-4e74-a67d-30753f57e7f1}</UniqueIdentifier>
    </Filter>
    <Filter Include="Source Files\extern\rapidJson\error">
      <UniqueIdentifier>{667d3eea-360f-43e9-8b23-858fde7c4977}</UniqueIdentifier>
    </Filter>
    <Filter Include="Source Files\extern\rapidJson\internal">
      <UniqueIdentifier>{dfa62e05-0e00-4008-a7a3-6b7643ed4e5c}</UniqueIdentifier>
    </Filter>
    <Filter Include="Source Files\extern\rapidJson\msinttypes">
      <UniqueIdentifier>{7a60055a-37c0-4660-97d1-315662279310}</UniqueIdentifier>
    </Filter>
    <Filter Include="Source Files\contexts">
      <UniqueIdentifier>{30517dd8-123b-4c76-88c1-decb1b043ecc}</UniqueIdentifier>
    </Filter>
    <Filter Include="Source Files\helper">
      <UniqueIdentifier>{20bbba45-0071-495f-a265-fe47ae2020e8}</UniqueIdentifier>
    </Filter>
  </ItemGroup>
  <ItemGroup>
    <ClInclude Include="stdafx.h" />
    <ClInclude Include="application.h">
      <Filter>Source Files</Filter>
    </ClInclude>
    <ClInclude Include="extern\tinyxml2\tinyxml2.h">
      <Filter>Source Files\extern\tinyxml2</Filter>
    </ClInclude>
    <ClInclude Include="extern\rapidJson\error\en.h">
      <Filter>Source Files\extern\rapidJson\error</Filter>
    </ClInclude>
    <ClInclude Include="extern\rapidJson\error\error.h">
      <Filter>Source Files\extern\rapidJson\error</Filter>
    </ClInclude>
    <ClInclude Include="extern\rapidJson\internal\biginteger.h">
      <Filter>Source Files\extern\rapidJson\internal</Filter>
    </ClInclude>
    <ClInclude Include="extern\rapidJson\internal\diyfp.h">
      <Filter>Source Files\extern\rapidJson\internal</Filter>
    </ClInclude>
    <ClInclude Include="extern\rapidJson\internal\dtoa.h">
      <Filter>Source Files\extern\rapidJson\internal</Filter>
    </ClInclude>
    <ClInclude Include="extern\rapidJson\internal\ieee754.h">
      <Filter>Source Files\extern\rapidJson\internal</Filter>
    </ClInclude>
    <ClInclude Include="extern\rapidJson\internal\itoa.h">
      <Filter>Source Files\extern\rapidJson\internal</Filter>
    </ClInclude>
    <ClInclude Include="extern\rapidJson\internal\meta.h">
      <Filter>Source Files\extern\rapidJson\internal</Filter>
    </ClInclude>
    <ClInclude Include="extern\rapidJson\internal\pow10.h">
      <Filter>Source Files\extern\rapidJson\internal</Filter>
    </ClInclude>
    <ClInclude Include="extern\rapidJson\internal\regex.h">
      <Filter>Source Files\extern\rapidJson\internal</Filter>
    </ClInclude>
    <ClInclude Include="extern\rapidJson\internal\stack.h">
      <Filter>Source Files\extern\rapidJson\internal</Filter>
    </ClInclude>
    <ClInclude Include="extern\rapidJson\internal\strfunc.h">
      <Filter>Source Files\extern\rapidJson\internal</Filter>
    </ClInclude>
    <ClInclude Include="extern\rapidJson\internal\strtod.h">
      <Filter>Source Files\extern\rapidJson\internal</Filter>
    </ClInclude>
    <ClInclude Include="extern\rapidJson\internal\swap.h">
      <Filter>Source Files\extern\rapidJson\internal</Filter>
    </ClInclude>
    <ClInclude Include="extern\rapidJson\msinttypes\inttypes.h">
      <Filter>Source Files\extern\rapidJson\msinttypes</Filter>
    </ClInclude>
    <ClInclude Include="extern\rapidJson\msinttypes\stdint.h">
      <Filter>Source Files\extern\rapidJson\msinttypes</Filter>
    </ClInclude>
    <ClInclude Include="extern\rapidJson\allocators.h">
      <Filter>Source Files\extern\rapidJson</Filter>
    </ClInclude>
    <ClInclude Include="extern\rapidJson\cursorstreamwrapper.h">
      <Filter>Source Files\extern\rapidJson</Filter>
    </ClInclude>
    <ClInclude Include="extern\rapidJson\document.h">
      <Filter>Source Files\extern\rapidJson</Filter>
    </ClInclude>
    <ClInclude Include="extern\rapidJson\encodedstream.h">
      <Filter>Source Files\extern\rapidJson</Filter>
    </ClInclude>
    <ClInclude Include="extern\rapidJson\encodings.h">
      <Filter>Source Files\extern\rapidJson</Filter>
    </ClInclude>
    <ClInclude Include="extern\rapidJson\filereadstream.h">
      <Filter>Source Files\extern\rapidJson</Filter>
    </ClInclude>
    <ClInclude Include="extern\rapidJson\filewritestream.h">
      <Filter>Source Files\extern\rapidJson</Filter>
    </ClInclude>
    <ClInclude Include="extern\rapidJson\fwd.h">
      <Filter>Source Files\extern\rapidJson</Filter>
    </ClInclude>
    <ClInclude Include="extern\rapidJson\istreamwrapper.h">
      <Filter>Source Files\extern\rapidJson</Filter>
    </ClInclude>
    <ClInclude Include="extern\rapidJson\memorybuffer.h">
      <Filter>Source Files\extern\rapidJson</Filter>
    </ClInclude>
    <ClInclude Include="extern\rapidJson\memorystream.h">
      <Filter>Source Files\extern\rapidJson</Filter>
    </ClInclude>
    <ClInclude Include="extern\rapidJson\ostreamwrapper.h">
      <Filter>Source Files\extern\rapidJson</Filter>
    </ClInclude>
    <ClInclude Include="extern\rapidJson\pointer.h">
      <Filter>Source Files\extern\rapidJson</Filter>
    </ClInclude>
    <ClInclude Include="extern\rapidJson\prettywriter.h">
      <Filter>Source Files\extern\rapidJson</Filter>
    </ClInclude>
    <ClInclude Include="extern\rapidJson\rapidjson.h">
      <Filter>Source Files\extern\rapidJson</Filter>
    </ClInclude>
    <ClInclude Include="extern\rapidJson\reader.h">
      <Filter>Source Files\extern\rapidJson</Filter>
    </ClInclude>
    <ClInclude Include="extern\rapidJson\schema.h">
      <Filter>Source Files\extern\rapidJson</Filter>
    </ClInclude>
    <ClInclude Include="extern\rapidJson\stream.h">
      <Filter>Source Files\extern\rapidJson</Filter>
    </ClInclude>
    <ClInclude Include="extern\rapidJson\stringbuffer.h">
      <Filter>Source Files\extern\rapidJson</Filter>
    </ClInclude>
    <ClInclude Include="extern\rapidJson\writer.h">
      <Filter>Source Files\extern\rapidJson</Filter>
    </ClInclude>
    <ClInclude Include="errLog.h">
      <Filter>Source Files\helper</Filter>
    </ClInclude>
    <ClInclude Include="rapidJson.h">
      <Filter>Source Files\contexts</Filter>
    </ClInclude>
    <ClInclude Include="tinyXml.h">
      <Filter>Source Files\contexts</Filter>
    </ClInclude>
    <ClInclude Include="winSock.h">
      <Filter>Source Files\contexts</Filter>
    </ClInclude>
    <ClInclude Include="context.h">
      <Filter>Source Files</Filter>
    </ClInclude>
    <ClInclude Include="rule.h">
      <Filter>Source Files\contexts</Filter>
    </ClInclude>
    <ClInclude Include="awayFromKeyboard.h">
      <Filter>Source Files\features</Filter>
    </ClInclude>
    <ClInclude Include="printing.h">
      <Filter>Source Files\features</Filter>
    </ClInclude>
  </ItemGroup>
  <ItemGroup>
    <ClCompile Include="winMain.cpp" />
    <ClCompile Include="application.cpp">
      <Filter>Source Files</Filter>
    </ClCompile>
    <ClCompile Include="extern\tinyxml2\tinyxml2.cpp">
      <Filter>Source Files\extern\tinyxml2</Filter>
    </ClCompile>
    <ClCompile Include="errLog.cpp">
      <Filter>Source Files\helper</Filter>
    </ClCompile>
    <ClCompile Include="rapidJson.cpp">
      <Filter>Source Files\contexts</Filter>
    </ClCompile>
    <ClCompile Include="tinyXml.cpp">
      <Filter>Source Files\contexts</Filter>
    </ClCompile>
    <ClCompile Include="winSock.cpp">
      <Filter>Source Files\contexts</Filter>
    </ClCompile>
    <ClCompile Include="context.cpp">
      <Filter>Source Files</Filter>
    </ClCompile>
    <ClCompile Include="rule.cpp">
      <Filter>Source Files\contexts</Filter>
    </ClCompile>
    <ClCompile Include="awayFromKeyboard.cpp">
      <Filter>Source Files\features</Filter>
    </ClCompile>
    <ClCompile Include="printing.cpp">
      <Filter>Source Files\features</Filter>
    </ClCompile>
  </ItemGroup>
</Project>